
Microsoft Visual Studio Solution File, Format Version 11.00
# Visual Studio 2010
Project("{FAE04EC0-301F-11D3-BF4B-00C04F79EFBC}") = "DotNet", "DotNet\DotNet.csproj", "{BE78F44D-0F91-4432-943B-5D99B0397450}"
EndProject
Global
	GlobalSection(SolutionConfigurationPlatforms) = preSolution
		Debug|Any CPU = Debug|Any CPU
		Release|Any CPU = Release|Any CPU
	EndGlobalSection
	GlobalSection(ProjectConfigurationPlatforms) = postSolution
		{BE78F44D-0F91-4432-943B-5D99B0397450}.Debug|Any CPU.ActiveCfg = Debug|Any CPU
		{BE78F44D-0F91-4432-943B-5D99B0397450}.Debug|Any CPU.Build.0 = Debug|Any CPU
		{BE78F44D-0F91-4432-943B-5D99B0397450}.Release|Any CPU.ActiveCfg = Release|Any CPU
		{BE78F44D-0F91-4432-943B-5D99B0397450}.Release|Any CPU.Build.0 = Release|Any CPU
	EndGlobalSection
	GlobalSection(SolutionProperties) = preSolution
		HideSolutionNode = FALSE
	EndGlobalSection
EndGlobal
